<?xml version="1.0" encoding="utf-8"?>
<Project ToolsVersion="4.0" xmlns="http://schemas.microsoft.com/developer/msbuild/2003">
  <ItemGroup>
    <Filter Include="Melone">
      <UniqueIdentifier>{C507DDC2-B1A9-0799-9A64-1BED86A58EE9}</UniqueIdentifier>
    </Filter>
    <Filter Include="Melone\Core">
      <UniqueIdentifier>{3DCF1A38-A984-932D-3279-8D049E2D8A31}</UniqueIdentifier>
    </Filter>
  </ItemGroup>
  <ItemGroup>
    <ClInclude Include="Src\Melone.h" />
    <ClInclude Include="Src\Melone\Core\App.h">
      <Filter>Melone\Core</Filter>
    </ClInclude>
    <ClInclude Include="Src\Melone\Core\Core.h">
      <Filter>Melone\Core</Filter>
    </ClInclude>
    <ClInclude Include="Src\Melone\Core\EntryPoint.h">
      <Filter>Melone\Core</Filter>
    </ClInclude>
    <ClInclude Include="Src\Melone\Core\Log.h">
      <Filter>Melone\Core</Filter>
    </ClInclude>
  </ItemGroup>
  <ItemGroup>
    <ClCompile Include="Src\Melone\Core\App.cpp">
      <Filter>Melone\Core</Filter>
    </ClCompile>
    <ClCompile Include="Src\Melone\Core\Log.cpp">
      <Filter>Melone\Core</Filter>
    </ClCompile>
  </ItemGroup>
</Project>